
Microsoft Visual Studio Solution File, Format Version 12.00
# Visual Studio Version 16
VisualStudioVersion = 16.0.29709.97
MinimumVisualStudioVersion = 10.0.40219.1
Project("{9A19103F-16F7-4668-BE54-9A1E7A4F7556}") = "MigAz.Azure", "MigAz.Azure\MigAz.Azure.csproj", "{A794A00C-299A-4E82-BD35-2213E091B8A8}"
EndProject
Project("{FAE04EC0-301F-11D3-BF4B-00C04F79EFBC}") = "MigAz", "MigAz\MigAz.csproj", "{90C588A6-C9CE-41BD-81EB-703A63AEF46C}"
EndProject
Global
	GlobalSection(SolutionConfigurationPlatforms) = preSolution
		Debug|Any CPU = Debug|Any CPU
		Debug|ARM = Debug|ARM
		Debug|x64 = Debug|x64
		Debug|x86 = Debug|x86
		Release|Any CPU = Release|Any CPU
		Release|ARM = Release|ARM
		Release|x64 = Release|x64
		Release|x86 = Release|x86
	EndGlobalSection
	GlobalSection(ProjectConfigurationPlatforms) = postSolution
		{A794A00C-299A-4E82-BD35-2213E091B8A8}.Debug|Any CPU.ActiveCfg = Debug|Any CPU
		{A794A00C-299A-4E82-BD35-2213E091B8A8}.Debug|Any CPU.Build.0 = Debug|Any CPU
		{A794A00C-299A-4E82-BD35-2213E091B8A8}.Debug|ARM.ActiveCfg = Debug|Any CPU
		{A794A00C-299A-4E82-BD35-2213E091B8A8}.Debug|ARM.Build.0 = Debug|Any CPU
		{A794A00C-299A-4E82-BD35-2213E091B8A8}.Debug|x64.ActiveCfg = Debug|Any CPU
		{A794A00C-299A-4E82-BD35-2213E091B8A8}.Debug|x64.Build.0 = Debug|Any CPU
		{A794A00C-299A-4E82-BD35-2213E091B8A8}.Debug|x86.ActiveCfg = Debug|Any CPU
		{A794A00C-299A-4E82-BD35-2213E091B8A8}.Debug|x86.Build.0 = Debug|Any CPU
		{A794A00C-299A-4E82-BD35-2213E091B8A8}.Release|Any CPU.ActiveCfg = Release|Any CPU
		{A794A00C-299A-4E82-BD35-2213E091B8A8}.Release|Any CPU.Build.0 = Release|Any CPU
		{A794A00C-299A-4E82-BD35-2213E091B8A8}.Release|ARM.ActiveCfg = Release|Any CPU
		{A794A00C-299A-4E82-BD35-2213E091B8A8}.Release|ARM.Build.0 = Release|Any CPU
		{A794A00C-299A-4E82-BD35-2213E091B8A8}.Release|x64.ActiveCfg = Release|Any CPU
		{A794A00C-299A-4E82-BD35-2213E091B8A8}.Release|x64.Build.0 = Release|Any CPU
		{A794A00C-299A-4E82-BD35-2213E091B8A8}.Release|x86.ActiveCfg = Release|Any CPU
		{A794A00C-299A-4E82-BD35-2213E091B8A8}.Release|x86.Build.0 = Release|Any CPU
		{90C588A6-C9CE-41BD-81EB-703A63AEF46C}.Debug|Any CPU.ActiveCfg = Debug|Any CPU
		{90C588A6-C9CE-41BD-81EB-703A63AEF46C}.Debug|Any CPU.Build.0 = Debug|Any CPU
		{90C588A6-C9CE-41BD-81EB-703A63AEF46C}.Debug|ARM.ActiveCfg = Debug|Any CPU
		{90C588A6-C9CE-41BD-81EB-703A63AEF46C}.Debug|ARM.Build.0 = Debug|Any CPU
		{90C588A6-C9CE-41BD-81EB-703A63AEF46C}.Debug|x64.ActiveCfg = Debug|Any CPU
		{90C588A6-C9CE-41BD-81EB-703A63AEF46C}.Debug|x64.Build.0 = Debug|Any CPU
		{90C588A6-C9CE-41BD-81EB-703A63AEF46C}.Debug|x86.ActiveCfg = Debug|Any CPU
		{90C588A6-C9CE-41BD-81EB-703A63AEF46C}.Debug|x86.Build.0 = Debug|Any CPU
		{90C588A6-C9CE-41BD-81EB-703A63AEF46C}.Release|Any CPU.ActiveCfg = Release|Any CPU
		{90C588A6-C9CE-41BD-81EB-703A63AEF46C}.Release|Any CPU.Build.0 = Release|Any CPU
		{90C588A6-C9CE-41BD-81EB-703A63AEF46C}.Release|ARM.ActiveCfg = Release|Any CPU
		{90C588A6-C9CE-41BD-81EB-703A63AEF46C}.Release|ARM.Build.0 = Release|Any CPU
		{90C588A6-C9CE-41BD-81EB-703A63AEF46C}.Release|x64.ActiveCfg = Release|Any CPU
		{90C588A6-C9CE-41BD-81EB-703A63AEF46C}.Release|x64.Build.0 = Release|Any CPU
		{90C588A6-C9CE-41BD-81EB-703A63AEF46C}.Release|x86.ActiveCfg = Release|Any CPU
		{90C588A6-C9CE-41BD-81EB-703A63AEF46C}.Release|x86.Build.0 = Release|Any CPU
	EndGlobalSection
	GlobalSection(SolutionProperties) = preSolution
		HideSolutionNode = FALSE
	EndGlobalSection
	GlobalSection(ExtensibilityGlobals) = postSolution
		SolutionGuid = {8FF05D3C-0BC0-4966-8A04-EA8A1978F36B}
	EndGlobalSection
EndGlobal
